
Microsoft Visual Studio Solution File, Format Version 12.00
# Visual Studio Version 17
VisualStudioVersion = 17.4.33103.184
MinimumVisualStudioVersion = 10.0.40219.1
Project("{9A19103F-16F7-4668-BE54-9A1E7A4F7556}") = "CarePlanAPI", "CarePlanAPI.csproj", "{D4855DF9-8B25-4528-A49C-E6A47E4F0F1A}"
EndProject
Project("{9A19103F-16F7-4668-BE54-9A1E7A4F7556}") = "CareDomain", "..\CareDomain\CareDomain.csproj", "{D989C432-39B1-4B5F-AE6D-241150B86D5A}"
EndProject
Project("{9A19103F-16F7-4668-BE54-9A1E7A4F7556}") = "CareData", "..\CareData\CareData.csproj", "{6FB5E161-E267-4A2D-B75B-62276F77EC6C}"
EndProject
Project("{9A19103F-16F7-4668-BE54-9A1E7A4F7556}") = "CarePlanUnitTest", "..\CarePlanUnitTest\CarePlanUnitTest.csproj", "{16D0C3F0-A908-4BA2-BCE0-411A17465EF6}"
EndProject
Project("{FAE04EC0-301F-11D3-BF4B-00C04F79EFBC}") = "CarePlanWeb", "..\CarePlanWeb\CarePlanWeb.csproj", "{EB087672-AEB9-4786-82E0-A777297CC131}"
EndProject
Global
	GlobalSection(SolutionConfigurationPlatforms) = preSolution
		Debug|Any CPU = Debug|Any CPU
		Release|Any CPU = Release|Any CPU
	EndGlobalSection
	GlobalSection(ProjectConfigurationPlatforms) = postSolution
		{D4855DF9-8B25-4528-A49C-E6A47E4F0F1A}.Debug|Any CPU.ActiveCfg = Debug|Any CPU
		{D4855DF9-8B25-4528-A49C-E6A47E4F0F1A}.Debug|Any CPU.Build.0 = Debug|Any CPU
		{D4855DF9-8B25-4528-A49C-E6A47E4F0F1A}.Release|Any CPU.ActiveCfg = Release|Any CPU
		{D4855DF9-8B25-4528-A49C-E6A47E4F0F1A}.Release|Any CPU.Build.0 = Release|Any CPU
		{D989C432-39B1-4B5F-AE6D-241150B86D5A}.Debug|Any CPU.ActiveCfg = Debug|Any CPU
		{D989C432-39B1-4B5F-AE6D-241150B86D5A}.Debug|Any CPU.Build.0 = Debug|Any CPU
		{D989C432-39B1-4B5F-AE6D-241150B86D5A}.Release|Any CPU.ActiveCfg = Release|Any CPU
		{D989C432-39B1-4B5F-AE6D-241150B86D5A}.Release|Any CPU.Build.0 = Release|Any CPU
		{6FB5E161-E267-4A2D-B75B-62276F77EC6C}.Debug|Any CPU.ActiveCfg = Debug|Any CPU
		{6FB5E161-E267-4A2D-B75B-62276F77EC6C}.Debug|Any CPU.Build.0 = Debug|Any CPU
		{6FB5E161-E267-4A2D-B75B-62276F77EC6C}.Release|Any CPU.ActiveCfg = Release|Any CPU
		{6FB5E161-E267-4A2D-B75B-62276F77EC6C}.Release|Any CPU.Build.0 = Release|Any CPU
		{16D0C3F0-A908-4BA2-BCE0-411A17465EF6}.Debug|Any CPU.ActiveCfg = Debug|Any CPU
		{16D0C3F0-A908-4BA2-BCE0-411A17465EF6}.Debug|Any CPU.Build.0 = Debug|Any CPU
		{16D0C3F0-A908-4BA2-BCE0-411A17465EF6}.Release|Any CPU.ActiveCfg = Release|Any CPU
		{16D0C3F0-A908-4BA2-BCE0-411A17465EF6}.Release|Any CPU.Build.0 = Release|Any CPU
		{EB087672-AEB9-4786-82E0-A777297CC131}.Debug|Any CPU.ActiveCfg = Debug|Any CPU
		{EB087672-AEB9-4786-82E0-A777297CC131}.Debug|Any CPU.Build.0 = Debug|Any CPU
		{EB087672-AEB9-4786-82E0-A777297CC131}.Release|Any CPU.ActiveCfg = Release|Any CPU
		{EB087672-AEB9-4786-82E0-A777297CC131}.Release|Any CPU.Build.0 = Release|Any CPU
	EndGlobalSection
	GlobalSection(SolutionProperties) = preSolution
		HideSolutionNode = FALSE
	EndGlobalSection
	GlobalSection(ExtensibilityGlobals) = postSolution
		SolutionGuid = {47F552CA-973F-43D4-B53F-85F828607DEF}
	EndGlobalSection
EndGlobal
